  jws: ^4.0.1
  solid-js: ^1.9.4
        version: 3.4.9(openai@4.104.0(ws@8.18.3)(zod@3.25.62))(react@19.2.0)(sswr@2.1.0(svelte@4.2.19))(svelte@4.2.19)(vue@3.4.27(typescript@5.9.2))(zod@3.25.62)
      solid-js: ^1.9.4
  jws@4.0.1:
    resolution: {integrity: sha512-EKI/M/yqPncGUUh44xz0PxSidXFr/+r0pA70+gIYhjv+et7yxM+s29Y+VGDkovRofQem0fs7Uvf4+YmAdyRduA==}
  '@ai-sdk/solid@0.0.49(zod@3.25.62)':
  ai@3.4.9(openai@4.104.0(ws@8.18.3)(zod@3.25.62))(react@19.2.0)(sswr@2.1.0(svelte@4.2.19))(svelte@4.2.19)(vue@3.4.27(typescript@5.9.2))(zod@3.25.62):
      '@ai-sdk/solid': 0.0.49(zod@3.25.62)
      jws: 4.0.1
      jws: 4.0.1
      jws: 4.0.1
  jws@4.0.1:
